
Microsoft Visual Studio Solution File, Format Version 12.00
# Visual Studio Version 17
VisualStudioVersion = 17.0.32014.148
MinimumVisualStudioVersion = 10.0.40219.1
Project("{FAE04EC0-301F-11D3-BF4B-00C04F79EFBC}") = "CMP1903M_A01_2223", "CMP1903M_A01_2223.csproj", "{EAFD325A-E93C-451C-B6C0-E3ACC1025582}"
EndProject
Global
	GlobalSection(SolutionConfigurationPlatforms) = preSolution
		Debug|Any CPU = Debug|Any CPU
		Release|Any CPU = Release|Any CPU
	EndGlobalSection
	GlobalSection(ProjectConfigurationPlatforms) = postSolution
		{EAFD325A-E93C-451C-B6C0-E3ACC1025582}.Debug|Any CPU.ActiveCfg = Debug|Any CPU
		{EAFD325A-E93C-451C-B6C0-E3ACC1025582}.Debug|Any CPU.Build.0 = Debug|Any CPU
		{EAFD325A-E93C-451C-B6C0-E3ACC1025582}.Release|Any CPU.ActiveCfg = Release|Any CPU
		{EAFD325A-E93C-451C-B6C0-E3ACC1025582}.Release|Any CPU.Build.0 = Release|Any CPU
	EndGlobalSection
	GlobalSection(SolutionProperties) = preSolution
		HideSolutionNode = FALSE
	EndGlobalSection
	GlobalSection(ExtensibilityGlobals) = postSolution
		SolutionGuid = {BA5B48A3-5CB5-45EE-AC04-F4CA086733F8}
	EndGlobalSection
EndGlobal
